// !$*UTF8*$!
{
	archiveVersion = 1;
	classes = {
	};
	objectVersion = 45;
	objects = {

/* Begin PBXBuildFile section */
		1D3623260D0F684500981E51 /* ParticleEmitterDemoAppDelegate.m in Sources */ = {isa = PBXBuildFile; fileRef = 1D3623250D0F684500981E51 /* ParticleEmitterDemoAppDelegate.m */; };
		1D60589B0D05DD56006BFB54 /* main.m in Sources */ = {isa = PBXBuildFile; fileRef = 29B97316FDCFA39411CA2CEA /* main.m */; };
		1D60589F0D05DD5A006BFB54 /* Foundation.framework in Frameworks */ = {isa = PBXBuildFile; fileRef = 1D30AB110D05D00D00671497 /* Foundation.framework */; };
		1DF5F4E00D08C38300B7A737 /* UIKit.framework in Frameworks */ = {isa = PBXBuildFile; fileRef = 1DF5F4DF0D08C38300B7A737 /* UIKit.framework */; };
		2514C27210084DB100A42282 /* ES1Renderer.m in Sources */ = {isa = PBXBuildFile; fileRef = 2514C26E10084DB100A42282 /* ES1Renderer.m */; };
		28AD733F0D9D9553002E5188 /* MainWindow.xib in Resources */ = {isa = PBXBuildFile; fileRef = 28AD733E0D9D9553002E5188 /* MainWindow.xib */; };
		28FD14FE0DC6FC130079059D /* EAGLView.m in Sources */ = {isa = PBXBuildFile; fileRef = 28FD14FD0DC6FC130079059D /* EAGLView.m */; };
		28FD15000DC6FC520079059D /* OpenGLES.framework in Frameworks */ = {isa = PBXBuildFile; fileRef = 28FD14FF0DC6FC520079059D /* OpenGLES.framework */; };
		28FD15080DC6FC5B0079059D /* QuartzCore.framework in Frameworks */ = {isa = PBXBuildFile; fileRef = 28FD15070DC6FC5B0079059D /* QuartzCore.framework */; };
		8253B0EF189D64D3004DC2EF /* Blue Flame.pex in Resources */ = {isa = PBXBuildFile; fileRef = 8253B0EC189D64D3004DC2EF /* Blue Flame.pex */; };
		8253B0F0189D64D3004DC2EF /* Comet.pex in Resources */ = {isa = PBXBuildFile; fileRef = 8253B0ED189D64D3004DC2EF /* Comet.pex */; };
		8253B0F1189D64D3004DC2EF /* Crazy Blue.pex in Resources */ = {isa = PBXBuildFile; fileRef = 8253B0EE189D64D3004DC2EF /* Crazy Blue.pex */; };
		82FD427218EC6EAA0070BCF7 /* Giros Gratis.pex in Resources */ = {isa = PBXBuildFile; fileRef = 82FD427118EC6EAA0070BCF7 /* Giros Gratis.pex */; };
		8F10C28E119AF66400CE561D /* Texture2D.m in Sources */ = {isa = PBXBuildFile; fileRef = 8F10C28D119AF66400CE561D /* Texture2D.m */; };
		8F10C291119AF68400CE561D /* ParticleEmitter.m in Sources */ = {isa = PBXBuildFile; fileRef = 8F10C290119AF68400CE561D /* ParticleEmitter.m */; };
		8F10C299119AF6A500CE561D /* NSDataAdditions.m in Sources */ = {isa = PBXBuildFile; fileRef = 8F10C294119AF6A500CE561D /* NSDataAdditions.m */; };
		8F10C29A119AF6A500CE561D /* TBXML.m in Sources */ = {isa = PBXBuildFile; fileRef = 8F10C296119AF6A500CE561D /* TBXML.m */; };
		8F10C29B119AF6A500CE561D /* TBXMLParticleAdditions.m in Sources */ = {isa = PBXBuildFile; fileRef = 8F10C298119AF6A500CE561D /* TBXMLParticleAdditions.m */; };
		8F10C2C8119AF96B00CE561D /* CoreGraphics.framework in Frameworks */ = {isa = PBXBuildFile; fileRef = 8F10C2C7119AF96B00CE561D /* CoreGraphics.framework */; };
		8F10C2CE119AF97600CE561D /* libz.dylib in Frameworks */ = {isa = PBXBuildFile; fileRef = 8F10C2CD119AF97600CE561D /* libz.dylib */; };
		8F10C31B119B046200CE561D /* emitter.pex in Resources */ = {isa = PBXBuildFile; fileRef = 8F10C319119B046200CE561D /* emitter.pex */; };
/* End PBXBuildFile section */

/* Begin PBXFileReference section */
		1D30AB110D05D00D00671497 /* Foundation.framework */ = {isa = PBXFileReference; lastKnownFileType = wrapper.framework; name = Foundation.framework; path = System/Library/Frameworks/Foundation.framework; sourceTree = SDKROOT; };
		1D3623240D0F684500981E51 /* ParticleEmitterDemoAppDelegate.h */ = {isa = PBXFileReference; fileEncoding = 4; lastKnownFileType = sourcecode.c.h; path = ParticleEmitterDemoAppDelegate.h; sourceTree = "<group>"; };
		1D3623250D0F684500981E51 /* ParticleEmitterDemoAppDelegate.m */ = {isa = PBXFileReference; fileEncoding = 4; lastKnownFileType = sourcecode.c.objc; path = ParticleEmitterDemoAppDelegate.m; sourceTree = "<group>"; };
		1D6058910D05DD3D006BFB54 /* ParticleEmitterDemo.app */ = {isa = PBXFileReference; explicitFileType = wrapper.application; includeInIndex = 0; path = ParticleEmitterDemo.app; sourceTree = BUILT_PRODUCTS_DIR; };
		1DF5F4DF0D08C38300B7A737 /* UIKit.framework */ = {isa = PBXFileReference; lastKnownFileType = wrapper.framework; name = UIKit.framework; path = System/Library/Frameworks/UIKit.framework; sourceTree = SDKROOT; };
		2514C26D10084DB100A42282 /* ES1Renderer.h */ = {isa = PBXFileReference; fileEncoding = 4; lastKnownFileType = sourcecode.c.h; path = ES1Renderer.h; sourceTree = "<group>"; };
		2514C26E10084DB100A42282 /* ES1Renderer.m */ = {isa = PBXFileReference; fileEncoding = 4; lastKnownFileType = sourcecode.c.objc; path = ES1Renderer.m; sourceTree = "<group>"; };
		2514C27110084DB100A42282 /* ESRenderer.h */ = {isa = PBXFileReference; fileEncoding = 4; lastKnownFileType = sourcecode.c.h; path = ESRenderer.h; sourceTree = "<group>"; };
		28AD733E0D9D9553002E5188 /* MainWindow.xib */ = {isa = PBXFileReference; lastKnownFileType = file.xib; path = MainWindow.xib; sourceTree = "<group>"; };
		28FD14FC0DC6FC130079059D /* EAGLView.h */ = {isa = PBXFileReference; fileEncoding = 4; lastKnownFileType = sourcecode.c.h; path = EAGLView.h; sourceTree = "<group>"; };
		28FD14FD0DC6FC130079059D /* EAGLView.m */ = {isa = PBXFileReference; fileEncoding = 4; lastKnownFileType = sourcecode.c.objc; path = EAGLView.m; sourceTree = "<group>"; };
		28FD14FF0DC6FC520079059D /* OpenGLES.framework */ = {isa = PBXFileReference; lastKnownFileType = wrapper.framework; name = OpenGLES.framework; path = System/Library/Frameworks/OpenGLES.framework; sourceTree = SDKROOT; };
		28FD15070DC6FC5B0079059D /* QuartzCore.framework */ = {isa = PBXFileReference; lastKnownFileType = wrapper.framework; name = QuartzCore.framework; path = System/Library/Frameworks/QuartzCore.framework; sourceTree = SDKROOT; };
		29B97316FDCFA39411CA2CEA /* main.m */ = {isa = PBXFileReference; fileEncoding = 4; lastKnownFileType = sourcecode.c.objc; path = main.m; sourceTree = "<group>"; };
		32CA4F630368D1EE00C91783 /* ParticleEmitterDemo_Prefix.pch */ = {isa = PBXFileReference; fileEncoding = 4; lastKnownFileType = sourcecode.c.h; path = ParticleEmitterDemo_Prefix.pch; sourceTree = "<group>"; };
		8253B0EC189D64D3004DC2EF /* Blue Flame.pex */ = {isa = PBXFileReference; fileEncoding = 4; lastKnownFileType = text; path = "Blue Flame.pex"; sourceTree = "<group>"; };
		8253B0ED189D64D3004DC2EF /* Comet.pex */ = {isa = PBXFileReference; fileEncoding = 4; lastKnownFileType = text; path = Comet.pex; sourceTree = "<group>"; };
		8253B0EE189D64D3004DC2EF /* Crazy Blue.pex */ = {isa = PBXFileReference; fileEncoding = 4; lastKnownFileType = text; path = "Crazy Blue.pex"; sourceTree = "<group>"; };
		82FD427118EC6EAA0070BCF7 /* Giros Gratis.pex */ = {isa = PBXFileReference; fileEncoding = 4; lastKnownFileType = text; path = "Giros Gratis.pex"; sourceTree = "<group>"; };
		8D1107310486CEB800E47090 /* ParticleEmitterDemo-Info.plist */ = {isa = PBXFileReference; fileEncoding = 4; lastKnownFileType = text.plist.xml; path = "ParticleEmitterDemo-Info.plist"; plistStructureDefinitionIdentifier = "com.apple.xcode.plist.structure-definition.iphone.info-plist"; sourceTree = "<group>"; };
		8F10C28C119AF66300CE561D /* Texture2D.h */ = {isa = PBXFileReference; fileEncoding = 4; lastKnownFileType = sourcecode.c.h; path = Texture2D.h; sourceTree = "<group>"; };
		8F10C28D119AF66400CE561D /* Texture2D.m */ = {isa = PBXFileReference; fileEncoding = 4; lastKnownFileType = sourcecode.c.objc; path = Texture2D.m; sourceTree = "<group>"; };
		8F10C28F119AF68400CE561D /* ParticleEmitter.h */ = {isa = PBXFileReference; fileEncoding = 4; lastKnownFileType = sourcecode.c.h; path = ParticleEmitter.h; sourceTree = "<group>"; };
		8F10C290119AF68400CE561D /* ParticleEmitter.m */ = {isa = PBXFileReference; fileEncoding = 4; lastKnownFileType = sourcecode.c.objc; path = ParticleEmitter.m; sourceTree = "<group>"; };
		8F10C293119AF6A500CE561D /* NSDataAdditions.h */ = {isa = PBXFileReference; fileEncoding = 4; lastKnownFileType = sourcecode.c.h; path = NSDataAdditions.h; sourceTree = "<group>"; };
		8F10C294119AF6A500CE561D /* NSDataAdditions.m */ = {isa = PBXFileReference; fileEncoding = 4; lastKnownFileType = sourcecode.c.objc; path = NSDataAdditions.m; sourceTree = "<group>"; };
		8F10C295119AF6A500CE561D /* TBXML.h */ = {isa = PBXFileReference; fileEncoding = 4; lastKnownFileType = sourcecode.c.h; path = TBXML.h; sourceTree = "<group>"; };
		8F10C296119AF6A500CE561D /* TBXML.m */ = {isa = PBXFileReference; fileEncoding = 4; lastKnownFileType = sourcecode.c.objc; path = TBXML.m; sourceTree = "<group>"; };
		8F10C297119AF6A500CE561D /* TBXMLParticleAdditions.h */ = {isa = PBXFileReference; fileEncoding = 4; lastKnownFileType = sourcecode.c.h; path = TBXMLParticleAdditions.h; sourceTree = "<group>"; };
		8F10C298119AF6A500CE561D /* TBXMLParticleAdditions.m */ = {isa = PBXFileReference; fileEncoding = 4; lastKnownFileType = sourcecode.c.objc; path = TBXMLParticleAdditions.m; sourceTree = "<group>"; };
		8F10C2B5119AF7C000CE561D /* Global.h */ = {isa = PBXFileReference; fileEncoding = 4; lastKnownFileType = sourcecode.c.h; path = Global.h; sourceTree = "<group>"; };
		8F10C2B8119AF84300CE561D /* Structures.h */ = {isa = PBXFileReference; fileEncoding = 4; lastKnownFileType = sourcecode.c.h; path = Structures.h; sourceTree = "<group>"; };
		8F10C2C7119AF96B00CE561D /* CoreGraphics.framework */ = {isa = PBXFileReference; lastKnownFileType = wrapper.framework; name = CoreGraphics.framework; path = System/Library/Frameworks/CoreGraphics.framework; sourceTree = SDKROOT; };
		8F10C2CD119AF97600CE561D /* libz.dylib */ = {isa = PBXFileReference; lastKnownFileType = "compiled.mach-o.dylib"; name = libz.dylib; path = usr/lib/libz.dylib; sourceTree = SDKROOT; };
		8F10C319119B046200CE561D /* emitter.pex */ = {isa = PBXFileReference; fileEncoding = 4; lastKnownFileType = text; path = emitter.pex; sourceTree = "<group>"; };
/* End PBXFileReference section */

/* Begin PBXFrameworksBuildPhase section */
		1D60588F0D05DD3D006BFB54 /* Frameworks */ = {
			isa = PBXFrameworksBuildPhase;
			buildActionMask = 2147483647;
			files = (
				1D60589F0D05DD5A006BFB54 /* Foundation.framework in Frameworks */,
				1DF5F4E00D08C38300B7A737 /* UIKit.framework in Frameworks */,
				28FD15000DC6FC520079059D /* OpenGLES.framework in Frameworks */,
				28FD15080DC6FC5B0079059D /* QuartzCore.framework in Frameworks */,
				8F10C2C8119AF96B00CE561D /* CoreGraphics.framework in Frameworks */,
				8F10C2CE119AF97600CE561D /* libz.dylib in Frameworks */,
			);
			runOnlyForDeploymentPostprocessing = 0;
		};
/* End PBXFrameworksBuildPhase section */

/* Begin PBXGroup section */
		080E96DDFE201D6D7F000001 /* Classes */ = {
			isa = PBXGroup;
			children = (
				28FD14FC0DC6FC130079059D /* EAGLView.h */,
				28FD14FD0DC6FC130079059D /* EAGLView.m */,
				2514C26D10084DB100A42282 /* ES1Renderer.h */,
				2514C26E10084DB100A42282 /* ES1Renderer.m */,
				2514C27110084DB100A42282 /* ESRenderer.h */,
				1D3623240D0F684500981E51 /* ParticleEmitterDemoAppDelegate.h */,
				1D3623250D0F684500981E51 /* ParticleEmitterDemoAppDelegate.m */,
			);
			path = Classes;
			sourceTree = "<group>";
		};
		19C28FACFE9D520D11CA2CBB /* Products */ = {
			isa = PBXGroup;
			children = (
				1D6058910D05DD3D006BFB54 /* ParticleEmitterDemo.app */,
			);
			name = Products;
			sourceTree = "<group>";
		};
		29B97314FDCFA39411CA2CEA /* CustomTemplate */ = {
			isa = PBXGroup;
			children = (
				8F10C317119B045800CE561D /* Particle Emitter Config */,
				8F10C2B4119AF7AF00CE561D /* Global */,
				8F10C292119AF68700CE561D /* TBXML */,
				8F10C28B119AF64500CE561D /* Texture2D */,
				8F10C28A119AF63900CE561D /* Particle Emitter */,
				080E96DDFE201D6D7F000001 /* Classes */,
				29B97315FDCFA39411CA2CEA /* Other Sources */,
				29B97317FDCFA39411CA2CEA /* Resources */,
				29B97323FDCFA39411CA2CEA /* Frameworks */,
				19C28FACFE9D520D11CA2CBB /* Products */,
			);
			name = CustomTemplate;
			sourceTree = "<group>";
		};
		29B97315FDCFA39411CA2CEA /* Other Sources */ = {
			isa = PBXGroup;
			children = (
				32CA4F630368D1EE00C91783 /* ParticleEmitterDemo_Prefix.pch */,
				29B97316FDCFA39411CA2CEA /* main.m */,
			);
			name = "Other Sources";
			sourceTree = "<group>";
		};
		29B97317FDCFA39411CA2CEA /* Resources */ = {
			isa = PBXGroup;
			children = (
				28AD733E0D9D9553002E5188 /* MainWindow.xib */,
				8D1107310486CEB800E47090 /* ParticleEmitterDemo-Info.plist */,
			);
			name = Resources;
			sourceTree = "<group>";
		};
		29B97323FDCFA39411CA2CEA /* Frameworks */ = {
			isa = PBXGroup;
			children = (
				28FD15070DC6FC5B0079059D /* QuartzCore.framework */,
				28FD14FF0DC6FC520079059D /* OpenGLES.framework */,
				1DF5F4DF0D08C38300B7A737 /* UIKit.framework */,
				1D30AB110D05D00D00671497 /* Foundation.framework */,
				8F10C2C7119AF96B00CE561D /* CoreGraphics.framework */,
				8F10C2CD119AF97600CE561D /* libz.dylib */,
			);
			name = Frameworks;
			sourceTree = "<group>";
		};
		8F10C28A119AF63900CE561D /* Particle Emitter */ = {
			isa = PBXGroup;
			children = (
				8F10C297119AF6A500CE561D /* TBXMLParticleAdditions.h */,
				8F10C298119AF6A500CE561D /* TBXMLParticleAdditions.m */,
				8F10C28F119AF68400CE561D /* ParticleEmitter.h */,
				8F10C290119AF68400CE561D /* ParticleEmitter.m */,
			);
			name = "Particle Emitter";
			sourceTree = "<group>";
		};
		8F10C28B119AF64500CE561D /* Texture2D */ = {
			isa = PBXGroup;
			children = (
				8F10C28C119AF66300CE561D /* Texture2D.h */,
				8F10C28D119AF66400CE561D /* Texture2D.m */,
			);
			name = Texture2D;
			sourceTree = "<group>";
		};
		8F10C292119AF68700CE561D /* TBXML */ = {
			isa = PBXGroup;
			children = (
				8F10C293119AF6A500CE561D /* NSDataAdditions.h */,
				8F10C294119AF6A500CE561D /* NSDataAdditions.m */,
				8F10C295119AF6A500CE561D /* TBXML.h */,
				8F10C296119AF6A500CE561D /* TBXML.m */,
			);
			name = TBXML;
			sourceTree = "<group>";
		};
		8F10C2B4119AF7AF00CE561D /* Global */ = {
			isa = PBXGroup;
			children = (
				8F10C2B8119AF84300CE561D /* Structures.h */,
				8F10C2B5119AF7C000CE561D /* Global.h */,
			);
			name = Global;
			sourceTree = "<group>";
		};
		8F10C317119B045800CE561D /* Particle Emitter Config */ = {
			isa = PBXGroup;
			children = (
				82FD427118EC6EAA0070BCF7 /* Giros Gratis.pex */,
				8253B0EC189D64D3004DC2EF /* Blue Flame.pex */,
				8253B0ED189D64D3004DC2EF /* Comet.pex */,
				8253B0EE189D64D3004DC2EF /* Crazy Blue.pex */,
				8F10C319119B046200CE561D /* emitter.pex */,
			);
			name = "Particle Emitter Config";
			path = "Particle Emitter Configs";
			sourceTree = "<group>";
		};
/* End PBXGroup section */

/* Begin PBXNativeTarget section */
		1D6058900D05DD3D006BFB54 /* ParticleEmitterDemo */ = {
			isa = PBXNativeTarget;
			buildConfigurationList = 1D6058960D05DD3E006BFB54 /* Build configuration list for PBXNativeTarget "ParticleEmitterDemo" */;
			buildPhases = (
				1D60588D0D05DD3D006BFB54 /* Resources */,
				1D60588E0D05DD3D006BFB54 /* Sources */,
				1D60588F0D05DD3D006BFB54 /* Frameworks */,
			);
			buildRules = (
			);
			dependencies = (
			);
			name = ParticleEmitterDemo;
			productName = ParticleEmitterDemo;
			productReference = 1D6058910D05DD3D006BFB54 /* ParticleEmitterDemo.app */;
			productType = "com.apple.product-type.application";
		};
/* End PBXNativeTarget section */

/* Begin PBXProject section */
		29B97313FDCFA39411CA2CEA /* Project object */ = {
			isa = PBXProject;
			attributes = {
			};
			buildConfigurationList = C01FCF4E08A954540054247B /* Build configuration list for PBXProject "ParticleEmitterDemo" */;
			compatibilityVersion = "Xcode 3.1";
			developmentRegion = English;
			hasScannedForEncodings = 1;
			knownRegions = (
				en,
			);
			mainGroup = 29B97314FDCFA39411CA2CEA /* CustomTemplate */;
			projectDirPath = "";
			projectRoot = "";
			targets = (
				1D6058900D05DD3D006BFB54 /* ParticleEmitterDemo */,
			);
		};
/* End PBXProject section */

/* Begin PBXResourcesBuildPhase section */
		1D60588D0D05DD3D006BFB54 /* Resources */ = {
			isa = PBXResourcesBuildPhase;
			buildActionMask = 2147483647;
			files = (
				28AD733F0D9D9553002E5188 /* MainWindow.xib in Resources */,
				82FD427218EC6EAA0070BCF7 /* Giros Gratis.pex in Resources */,
				8F10C31B119B046200CE561D /* emitter.pex in Resources */,
				8253B0F1189D64D3004DC2EF /* Crazy Blue.pex in Resources */,
				8253B0F0189D64D3004DC2EF /* Comet.pex in Resources */,
				8253B0EF189D64D3004DC2EF /* Blue Flame.pex in Resources */,
			);
			runOnlyForDeploymentPostprocessing = 0;
		};
/* End PBXResourcesBuildPhase section */

/* Begin PBXSourcesBuildPhase section */
		1D60588E0D05DD3D006BFB54 /* Sources */ = {
			isa = PBXSourcesBuildPhase;
			buildActionMask = 2147483647;
			files = (
				1D60589B0D05DD56006BFB54 /* main.m in Sources */,
				1D3623260D0F684500981E51 /* ParticleEmitterDemoAppDelegate.m in Sources */,
				28FD14FE0DC6FC130079059D /* EAGLView.m in Sources */,
				2514C27210084DB100A42282 /* ES1Renderer.m in Sources */,
				8F10C28E119AF66400CE561D /* Texture2D.m in Sources */,
				8F10C291119AF68400CE561D /* ParticleEmitter.m in Sources */,
				8F10C299119AF6A500CE561D /* NSDataAdditions.m in Sources */,
				8F10C29A119AF6A500CE561D /* TBXML.m in Sources */,
				8F10C29B119AF6A500CE561D /* TBXMLParticleAdditions.m in Sources */,
			);
			runOnlyForDeploymentPostprocessing = 0;
		};
/* End PBXSourcesBuildPhase section */

/* Begin XCBuildConfiguration section */
		1D6058940D05DD3E006BFB54 /* Debug */ = {
			isa = XCBuildConfiguration;
			buildSettings = {
				ALWAYS_SEARCH_USER_PATHS = NO;
				COPY_PHASE_STRIP = NO;
				GCC_DYNAMIC_NO_PIC = NO;
				GCC_OPTIMIZATION_LEVEL = 0;
				GCC_PRECOMPILE_PREFIX_HEADER = YES;
				GCC_PREFIX_HEADER = ParticleEmitterDemo_Prefix.pch;
				"GCC_THUMB_SUPPORT[arch=armv6]" = "";
				INFOPLIST_FILE = "ParticleEmitterDemo-Info.plist";
				IPHONEOS_DEPLOYMENT_TARGET = 4.3;
				PRODUCT_NAME = ParticleEmitterDemo;
			};
			name = Debug;
		};
		1D6058950D05DD3E006BFB54 /* Release */ = {
			isa = XCBuildConfiguration;
			buildSettings = {
				ALWAYS_SEARCH_USER_PATHS = NO;
				COPY_PHASE_STRIP = YES;
				GCC_PRECOMPILE_PREFIX_HEADER = YES;
				GCC_PREFIX_HEADER = ParticleEmitterDemo_Prefix.pch;
				"GCC_THUMB_SUPPORT[arch=armv6]" = "";
				INFOPLIST_FILE = "ParticleEmitterDemo-Info.plist";
				IPHONEOS_DEPLOYMENT_TARGET = 4.3;
				PRODUCT_NAME = ParticleEmitterDemo;
				VALIDATE_PRODUCT = YES;
			};
			name = Release;
		};
		C01FCF4F08A954540054247B /* Debug */ = {
			isa = XCBuildConfiguration;
			buildSettings = {
				ARCHS = "$(ARCHS_STANDARD_32_BIT)";
				"CODE_SIGN_IDENTITY[sdk=iphoneos*]" = "iPhone Developer";
				GCC_C_LANGUAGE_STANDARD = c99;
				GCC_PREPROCESSOR_DEFINITIONS = DEBUG;
				GCC_WARN_ABOUT_RETURN_TYPE = YES;
				GCC_WARN_UNUSED_VARIABLE = YES;
				PREBINDING = NO;
				SDKROOT = iphoneos;
			};
			name = Debug;
		};
		C01FCF5008A954540054247B /* Release */ = {
			isa = XCBuildConfiguration;
			buildSettings = {
				ARCHS = "$(ARCHS_STANDARD_32_BIT)";
				"CODE_SIGN_IDENTITY[sdk=iphoneos*]" = "iPhone Developer";
				GCC_C_LANGUAGE_STANDARD = c99;
				GCC_WARN_ABOUT_RETURN_TYPE = YES;
				GCC_WARN_UNUSED_VARIABLE = YES;
				OTHER_CFLAGS = "-DNS_BLOCK_ASSERTIONS=1";
				PREBINDING = NO;
				SDKROOT = iphoneos;
				TARGETED_DEVICE_FAMILY = "1,2";
			};
			name = Release;
		};
/* End XCBuildConfiguration section */

/* Begin XCConfigurationList section */
		1D6058960D05DD3E006BFB54 /* Build configuration list for PBXNativeTarget "ParticleEmitterDemo" */ = {
			isa = XCConfigurationList;
			buildConfigurations = (
				1D6058940D05DD3E006BFB54 /* Debug */,
				1D6058950D05DD3E006BFB54 /* Release */,
			);
			defaultConfigurationIsVisible = 0;
			defaultConfigurationName = Release;
		};
		C01FCF4E08A954540054247B /* Build configuration list for PBXProject "ParticleEmitterDemo" */ = {
			isa = XCConfigurationList;
			buildConfigurations = (
				C01FCF4F08A954540054247B /* Debug */,
				C01FCF5008A954540054247B /* Release */,
			);
			defaultConfigurationIsVisible = 0;
			defaultConfigurationName = Release;
		};
/* End XCConfigurationList section */
	};
	rootObject = 29B97313FDCFA39411CA2CEA /* Project object */;
}
